{
  "name": "task-manager",
  "version": "1.0.0",
  "lockfileVersion": 3,
  "requires": true,
  "packages": {
    "": {
      "name": "task-manager",
      "version": "1.0.0",
      "license": "MIT",
      "devDependencies": {
        "michelangelo": "^0.8.0"
      }
    },
    "node_modules/michelangelo": {
      "version": "0.8.0",
      "resolved": "https://registry.npmjs.org/michelangelo/-/michelangelo-0.8.0.tgz",
      "integrity": "sha512-Xbqrgs9ZGi/ZNg6F3K2TL9Isl3fglr+rGV6UzwjKMhpJQqUAAB26k47HI8BudumspMJq354/uYGJyk0tU7AgSg==",
      "dev": true
    }
  }
}
